
Microsoft Visual Studio Solution File, Format Version 12.00
# Visual Studio Version 17
VisualStudioVersion = 17.4.32804.182
MinimumVisualStudioVersion = 10.0.40219.1
Project("{2150E333-8FDC-42A3-9474-1A3956D46DE8}") = "src", "src", "{FB9C392B-1B2D-4113-BE75-8D5D29E09040}"
EndProject
Project("{2150E333-8FDC-42A3-9474-1A3956D46DE8}") = "Presentation", "Presentation", "{8196C979-D8B9-4122-8677-7A6F458F3E06}"
EndProject
Project("{9A19103F-16F7-4668-BE54-9A1E7A4F7556}") = "PropertyRenting.Api", "PropertyRenting.Api\PropertyRenting.Api.csproj", "{EEC8C147-8563-4AD2-8C0F-5C5818A28C4B}"
EndProject
Global
	GlobalSection(SolutionConfigurationPlatforms) = preSolution
		Debug|Any CPU = Debug|Any CPU
		Release|Any CPU = Release|Any CPU
	EndGlobalSection
	GlobalSection(ProjectConfigurationPlatforms) = postSolution
		{EEC8C147-8563-4AD2-8C0F-5C5818A28C4B}.Debug|Any CPU.ActiveCfg = Debug|Any CPU
		{EEC8C147-8563-4AD2-8C0F-5C5818A28C4B}.Debug|Any CPU.Build.0 = Debug|Any CPU
		{EEC8C147-8563-4AD2-8C0F-5C5818A28C4B}.Release|Any CPU.ActiveCfg = Release|Any CPU
		{EEC8C147-8563-4AD2-8C0F-5C5818A28C4B}.Release|Any CPU.Build.0 = Release|Any CPU
	EndGlobalSection
	GlobalSection(SolutionProperties) = preSolution
		HideSolutionNode = FALSE
	EndGlobalSection
	GlobalSection(NestedProjects) = preSolution
		{8196C979-D8B9-4122-8677-7A6F458F3E06} = {FB9C392B-1B2D-4113-BE75-8D5D29E09040}
		{EEC8C147-8563-4AD2-8C0F-5C5818A28C4B} = {8196C979-D8B9-4122-8677-7A6F458F3E06}
	EndGlobalSection
	GlobalSection(ExtensibilityGlobals) = postSolution
		SolutionGuid = {0369B691-B2BB-4C61-86A7-5081E9960B1A}
	EndGlobalSection
EndGlobal
