
Microsoft Visual Studio Solution File, Format Version 12.00
# Visual Studio Version 17
VisualStudioVersion = 17.4.32804.182
MinimumVisualStudioVersion = 10.0.40219.1
Project("{2150E333-8FDC-42A3-9474-1A3956D46DE8}") = "src", "src", "{FB9C392B-1B2D-4113-BE75-8D5D29E09040}"
EndProject
Project("{2150E333-8FDC-42A3-9474-1A3956D46DE8}") = "Core", "Core", "{F00597B6-61E0-4F76-8795-5FEBEAD311E2}"
EndProject
Project("{2150E333-8FDC-42A3-9474-1A3956D46DE8}") = "Infrastructure", "Infrastructure", "{0133CF8E-E548-4E20-8585-840AA73A8040}"
EndProject
Project("{2150E333-8FDC-42A3-9474-1A3956D46DE8}") = "Presentation", "Presentation", "{8196C979-D8B9-4122-8677-7A6F458F3E06}"
EndProject
Project("{9A19103F-16F7-4668-BE54-9A1E7A4F7556}") = "PropertyRenting.Domain", "PropertyRenting.Domain\PropertyRenting.Domain.csproj", "{08FAD178-D740-4A8E-9C4A-779362938968}"
EndProject
Project("{9A19103F-16F7-4668-BE54-9A1E7A4F7556}") = "PropertyRenting.Application", "PropertyRenting.Application\PropertyRenting.Application.csproj", "{5D2763EC-90B4-4221-83EC-C2A009EA0CF7}"
EndProject
Project("{9A19103F-16F7-4668-BE54-9A1E7A4F7556}") = "PropertyRenting.Infrastructure", "PropertyRenting.Infrastructure\PropertyRenting.Infrastructure.csproj", "{276CA4AB-9610-4BF8-9F62-A9C3B9CD02E4}"
EndProject
Project("{9A19103F-16F7-4668-BE54-9A1E7A4F7556}") = "PropertyRenting.UI", "PropertyRenting.UI\PropertyRenting.UI.csproj", "{A9C03F8A-7093-4957-B2F0-D8C057D58D92}"
EndProject
Project("{9A19103F-16F7-4668-BE54-9A1E7A4F7556}") = "PropertyRenting.Infrastructure.Persistence", "PropertyRenting.Infrastructure.Persistence\PropertyRenting.Infrastructure.Persistence.csproj", "{E2629370-C6CF-4F13-B11F-3683CCD8EFBF}"
EndProject
Project("{9A19103F-16F7-4668-BE54-9A1E7A4F7556}") = "PropertyRenting.Api", "PropertyRenting.Api\PropertyRenting.Api.csproj", "{EEC8C147-8563-4AD2-8C0F-5C5818A28C4B}"
EndProject
Global
	GlobalSection(SolutionConfigurationPlatforms) = preSolution
		Debug|Any CPU = Debug|Any CPU
		Release|Any CPU = Release|Any CPU
	EndGlobalSection
	GlobalSection(ProjectConfigurationPlatforms) = postSolution
		{08FAD178-D740-4A8E-9C4A-779362938968}.Debug|Any CPU.ActiveCfg = Debug|Any CPU
		{08FAD178-D740-4A8E-9C4A-779362938968}.Debug|Any CPU.Build.0 = Debug|Any CPU
		{08FAD178-D740-4A8E-9C4A-779362938968}.Release|Any CPU.ActiveCfg = Release|Any CPU
		{08FAD178-D740-4A8E-9C4A-779362938968}.Release|Any CPU.Build.0 = Release|Any CPU
		{5D2763EC-90B4-4221-83EC-C2A009EA0CF7}.Debug|Any CPU.ActiveCfg = Debug|Any CPU
		{5D2763EC-90B4-4221-83EC-C2A009EA0CF7}.Debug|Any CPU.Build.0 = Debug|Any CPU
		{5D2763EC-90B4-4221-83EC-C2A009EA0CF7}.Release|Any CPU.ActiveCfg = Release|Any CPU
		{5D2763EC-90B4-4221-83EC-C2A009EA0CF7}.Release|Any CPU.Build.0 = Release|Any CPU
		{276CA4AB-9610-4BF8-9F62-A9C3B9CD02E4}.Debug|Any CPU.ActiveCfg = Debug|Any CPU
		{276CA4AB-9610-4BF8-9F62-A9C3B9CD02E4}.Debug|Any CPU.Build.0 = Debug|Any CPU
		{276CA4AB-9610-4BF8-9F62-A9C3B9CD02E4}.Release|Any CPU.ActiveCfg = Release|Any CPU
		{276CA4AB-9610-4BF8-9F62-A9C3B9CD02E4}.Release|Any CPU.Build.0 = Release|Any CPU
		{A9C03F8A-7093-4957-B2F0-D8C057D58D92}.Debug|Any CPU.ActiveCfg = Debug|Any CPU
		{A9C03F8A-7093-4957-B2F0-D8C057D58D92}.Debug|Any CPU.Build.0 = Debug|Any CPU
		{A9C03F8A-7093-4957-B2F0-D8C057D58D92}.Release|Any CPU.ActiveCfg = Release|Any CPU
		{A9C03F8A-7093-4957-B2F0-D8C057D58D92}.Release|Any CPU.Build.0 = Release|Any CPU
		{E2629370-C6CF-4F13-B11F-3683CCD8EFBF}.Debug|Any CPU.ActiveCfg = Debug|Any CPU
		{E2629370-C6CF-4F13-B11F-3683CCD8EFBF}.Debug|Any CPU.Build.0 = Debug|Any CPU
		{E2629370-C6CF-4F13-B11F-3683CCD8EFBF}.Release|Any CPU.ActiveCfg = Release|Any CPU
		{E2629370-C6CF-4F13-B11F-3683CCD8EFBF}.Release|Any CPU.Build.0 = Release|Any CPU
		{EEC8C147-8563-4AD2-8C0F-5C5818A28C4B}.Debug|Any CPU.ActiveCfg = Debug|Any CPU
		{EEC8C147-8563-4AD2-8C0F-5C5818A28C4B}.Debug|Any CPU.Build.0 = Debug|Any CPU
		{EEC8C147-8563-4AD2-8C0F-5C5818A28C4B}.Release|Any CPU.ActiveCfg = Release|Any CPU
		{EEC8C147-8563-4AD2-8C0F-5C5818A28C4B}.Release|Any CPU.Build.0 = Release|Any CPU
	EndGlobalSection
	GlobalSection(SolutionProperties) = preSolution
		HideSolutionNode = FALSE
	EndGlobalSection
	GlobalSection(NestedProjects) = preSolution
		{F00597B6-61E0-4F76-8795-5FEBEAD311E2} = {FB9C392B-1B2D-4113-BE75-8D5D29E09040}
		{0133CF8E-E548-4E20-8585-840AA73A8040} = {FB9C392B-1B2D-4113-BE75-8D5D29E09040}
		{8196C979-D8B9-4122-8677-7A6F458F3E06} = {FB9C392B-1B2D-4113-BE75-8D5D29E09040}
		{08FAD178-D740-4A8E-9C4A-779362938968} = {F00597B6-61E0-4F76-8795-5FEBEAD311E2}
		{5D2763EC-90B4-4221-83EC-C2A009EA0CF7} = {F00597B6-61E0-4F76-8795-5FEBEAD311E2}
		{276CA4AB-9610-4BF8-9F62-A9C3B9CD02E4} = {0133CF8E-E548-4E20-8585-840AA73A8040}
		{A9C03F8A-7093-4957-B2F0-D8C057D58D92} = {8196C979-D8B9-4122-8677-7A6F458F3E06}
		{E2629370-C6CF-4F13-B11F-3683CCD8EFBF} = {0133CF8E-E548-4E20-8585-840AA73A8040}
		{EEC8C147-8563-4AD2-8C0F-5C5818A28C4B} = {8196C979-D8B9-4122-8677-7A6F458F3E06}
	EndGlobalSection
	GlobalSection(ExtensibilityGlobals) = postSolution
		SolutionGuid = {0369B691-B2BB-4C61-86A7-5081E9960B1A}
	EndGlobalSection
EndGlobal
